
Microsoft Visual Studio Solution File, Format Version 12.00
# Visual Studio Version 17
VisualStudioVersion = 17.14.37111.16
MinimumVisualStudioVersion = 10.0.40219.1
Project("{FAE04EC0-301F-11D3-BF4B-00C04F79EFBC}") = "DeskFlow", "DeskFlow.csproj", "{4AC88A45-59CC-4ECC-B623-B0E376E3EB7D}"
EndProject
Project("{FAE04EC0-301F-11D3-BF4B-00C04F79EFBC}") = "DeskFlow.Tests", "..\DeskFlow.Tests\DeskFlow.Tests.csproj", "{473D192A-1605-4626-9B5B-CE7A483215CF}"
EndProject
Global
	GlobalSection(SolutionConfigurationPlatforms) = preSolution
		Debug|Any CPU = Debug|Any CPU
		Release|Any CPU = Release|Any CPU
	EndGlobalSection
	GlobalSection(ProjectConfigurationPlatforms) = postSolution
		{4AC88A45-59CC-4ECC-B623-B0E376E3EB7D}.Debug|Any CPU.ActiveCfg = Debug|Any CPU
		{4AC88A45-59CC-4ECC-B623-B0E376E3EB7D}.Debug|Any CPU.Build.0 = Debug|Any CPU
		{4AC88A45-59CC-4ECC-B623-B0E376E3EB7D}.Release|Any CPU.ActiveCfg = Release|Any CPU
		{4AC88A45-59CC-4ECC-B623-B0E376E3EB7D}.Release|Any CPU.Build.0 = Release|Any CPU
		{473D192A-1605-4626-9B5B-CE7A483215CF}.Debug|Any CPU.ActiveCfg = Debug|Any CPU
		{473D192A-1605-4626-9B5B-CE7A483215CF}.Debug|Any CPU.Build.0 = Debug|Any CPU
		{473D192A-1605-4626-9B5B-CE7A483215CF}.Release|Any CPU.ActiveCfg = Release|Any CPU
		{473D192A-1605-4626-9B5B-CE7A483215CF}.Release|Any CPU.Build.0 = Release|Any CPU
	EndGlobalSection
	GlobalSection(SolutionProperties) = preSolution
		HideSolutionNode = FALSE
	EndGlobalSection
	GlobalSection(ExtensibilityGlobals) = postSolution
		SolutionGuid = {EDCC74EF-7562-45E4-B282-60DC28D7F0D9}
	EndGlobalSection
EndGlobal
